
Microsoft Visual Studio Solution File, Format Version 11.00
# Visual C# Express 2010
Project("{FAE04EC0-301F-11D3-BF4B-00C04F79EFBC}") = "Day1", "Day1\Day1.csproj", "{25456331-B7BF-42E1-BEC5-0172F6A127BF}"
EndProject
Project("{FAE04EC0-301F-11D3-BF4B-00C04F79EFBC}") = "Day2", "Day2\Day2.csproj", "{0263E275-A1DA-4096-84E0-60B8CAF6C67D}"
EndProject
Project("{FAE04EC0-301F-11D3-BF4B-00C04F79EFBC}") = "Day3", "Day3\Day3.csproj", "{6B5F1F76-33EA-45DB-BDB9-FD87C9E52E5B}"
EndProject
Project("{FAE04EC0-301F-11D3-BF4B-00C04F79EFBC}") = "Day4", "Day4\Day4.csproj", "{66718D72-A83B-4839-8826-952CDDA07AB0}"
EndProject
Project("{FAE04EC0-301F-11D3-BF4B-00C04F79EFBC}") = "Day5", "Day5\Day5.csproj", "{0AB8ADE9-7371-417B-9B10-30A4FC0A9C95}"
EndProject
Project("{FAE04EC0-301F-11D3-BF4B-00C04F79EFBC}") = "Day6", "Day6\Day6.csproj", "{C8AB2F74-E592-40E9-BE9B-0948FEF0548D}"
EndProject
Project("{FAE04EC0-301F-11D3-BF4B-00C04F79EFBC}") = "Day7", "Day7\Day7.csproj", "{2C5F6C67-72A1-482F-AEEC-A1787331A009}"
EndProject
Project("{FAE04EC0-301F-11D3-BF4B-00C04F79EFBC}") = "Day8", "Day8\Day8.csproj", "{53E1B778-16EC-439C-BBAD-2CD34F1DFB7E}"
EndProject
Project("{FAE04EC0-301F-11D3-BF4B-00C04F79EFBC}") = "Day9", "Day9\Day9.csproj", "{8F4702FB-DB6E-4C7A-B5B3-D9D1E6C074E0}"
EndProject
Project("{FAE04EC0-301F-11D3-BF4B-00C04F79EFBC}") = "Day10", "Day10\Day10.csproj", "{97AAF01C-4233-4A14-A492-DCF671D2BF50}"
EndProject
Project("{FAE04EC0-301F-11D3-BF4B-00C04F79EFBC}") = "Day11", "Day11\Day11.csproj", "{223ABE54-5DA3-438B-9224-F52BF65F26E1}"
EndProject
Project("{FAE04EC0-301F-11D3-BF4B-00C04F79EFBC}") = "Day12", "Day12\Day12.csproj", "{C70522A9-A563-499A-8D1B-C0472B70C999}"
EndProject
Project("{FAE04EC0-301F-11D3-BF4B-00C04F79EFBC}") = "Day13", "Day13\Day13.csproj", "{1842B48B-42F9-47AD-9B99-4202D67FD1EC}"
EndProject
Project("{FAE04EC0-301F-11D3-BF4B-00C04F79EFBC}") = "Day14", "Day14\Day14.csproj", "{56BB7C7C-FB67-41B9-AD09-6805F2597DB4}"
EndProject
Global
	GlobalSection(SolutionConfigurationPlatforms) = preSolution
		Debug|x86 = Debug|x86
		Release|x86 = Release|x86
	EndGlobalSection
	GlobalSection(ProjectConfigurationPlatforms) = postSolution
		{25456331-B7BF-42E1-BEC5-0172F6A127BF}.Debug|x86.ActiveCfg = Debug|x86
		{25456331-B7BF-42E1-BEC5-0172F6A127BF}.Debug|x86.Build.0 = Debug|x86
		{25456331-B7BF-42E1-BEC5-0172F6A127BF}.Release|x86.ActiveCfg = Release|x86
		{25456331-B7BF-42E1-BEC5-0172F6A127BF}.Release|x86.Build.0 = Release|x86
		{0263E275-A1DA-4096-84E0-60B8CAF6C67D}.Debug|x86.ActiveCfg = Debug|x86
		{0263E275-A1DA-4096-84E0-60B8CAF6C67D}.Debug|x86.Build.0 = Debug|x86
		{0263E275-A1DA-4096-84E0-60B8CAF6C67D}.Release|x86.ActiveCfg = Release|x86
		{0263E275-A1DA-4096-84E0-60B8CAF6C67D}.Release|x86.Build.0 = Release|x86
		{6B5F1F76-33EA-45DB-BDB9-FD87C9E52E5B}.Debug|x86.ActiveCfg = Debug|x86
		{6B5F1F76-33EA-45DB-BDB9-FD87C9E52E5B}.Debug|x86.Build.0 = Debug|x86
		{6B5F1F76-33EA-45DB-BDB9-FD87C9E52E5B}.Release|x86.ActiveCfg = Release|x86
		{6B5F1F76-33EA-45DB-BDB9-FD87C9E52E5B}.Release|x86.Build.0 = Release|x86
		{66718D72-A83B-4839-8826-952CDDA07AB0}.Debug|x86.ActiveCfg = Debug|x86
		{66718D72-A83B-4839-8826-952CDDA07AB0}.Debug|x86.Build.0 = Debug|x86
		{66718D72-A83B-4839-8826-952CDDA07AB0}.Release|x86.ActiveCfg = Release|x86
		{66718D72-A83B-4839-8826-952CDDA07AB0}.Release|x86.Build.0 = Release|x86
		{0AB8ADE9-7371-417B-9B10-30A4FC0A9C95}.Debug|x86.ActiveCfg = Debug|x86
		{0AB8ADE9-7371-417B-9B10-30A4FC0A9C95}.Debug|x86.Build.0 = Debug|x86
		{0AB8ADE9-7371-417B-9B10-30A4FC0A9C95}.Release|x86.ActiveCfg = Release|x86
		{0AB8ADE9-7371-417B-9B10-30A4FC0A9C95}.Release|x86.Build.0 = Release|x86
		{C8AB2F74-E592-40E9-BE9B-0948FEF0548D}.Debug|x86.ActiveCfg = Debug|x86
		{C8AB2F74-E592-40E9-BE9B-0948FEF0548D}.Debug|x86.Build.0 = Debug|x86
		{C8AB2F74-E592-40E9-BE9B-0948FEF0548D}.Release|x86.ActiveCfg = Release|x86
		{C8AB2F74-E592-40E9-BE9B-0948FEF0548D}.Release|x86.Build.0 = Release|x86
		{2C5F6C67-72A1-482F-AEEC-A1787331A009}.Debug|x86.ActiveCfg = Debug|x86
		{2C5F6C67-72A1-482F-AEEC-A1787331A009}.Debug|x86.Build.0 = Debug|x86
		{2C5F6C67-72A1-482F-AEEC-A1787331A009}.Release|x86.ActiveCfg = Release|x86
		{2C5F6C67-72A1-482F-AEEC-A1787331A009}.Release|x86.Build.0 = Release|x86
		{53E1B778-16EC-439C-BBAD-2CD34F1DFB7E}.Debug|x86.ActiveCfg = Debug|x86
		{53E1B778-16EC-439C-BBAD-2CD34F1DFB7E}.Debug|x86.Build.0 = Debug|x86
		{53E1B778-16EC-439C-BBAD-2CD34F1DFB7E}.Release|x86.ActiveCfg = Release|x86
		{53E1B778-16EC-439C-BBAD-2CD34F1DFB7E}.Release|x86.Build.0 = Release|x86
		{8F4702FB-DB6E-4C7A-B5B3-D9D1E6C074E0}.Debug|x86.ActiveCfg = Debug|x86
		{8F4702FB-DB6E-4C7A-B5B3-D9D1E6C074E0}.Debug|x86.Build.0 = Debug|x86
		{8F4702FB-DB6E-4C7A-B5B3-D9D1E6C074E0}.Release|x86.ActiveCfg = Release|x86
		{8F4702FB-DB6E-4C7A-B5B3-D9D1E6C074E0}.Release|x86.Build.0 = Release|x86
		{97AAF01C-4233-4A14-A492-DCF671D2BF50}.Debug|x86.ActiveCfg = Debug|x86
		{97AAF01C-4233-4A14-A492-DCF671D2BF50}.Debug|x86.Build.0 = Debug|x86
		{97AAF01C-4233-4A14-A492-DCF671D2BF50}.Release|x86.ActiveCfg = Release|x86
		{97AAF01C-4233-4A14-A492-DCF671D2BF50}.Release|x86.Build.0 = Release|x86
		{223ABE54-5DA3-438B-9224-F52BF65F26E1}.Debug|x86.ActiveCfg = Debug|x86
		{223ABE54-5DA3-438B-9224-F52BF65F26E1}.Debug|x86.Build.0 = Debug|x86
		{223ABE54-5DA3-438B-9224-F52BF65F26E1}.Release|x86.ActiveCfg = Release|x86
		{223ABE54-5DA3-438B-9224-F52BF65F26E1}.Release|x86.Build.0 = Release|x86
		{C70522A9-A563-499A-8D1B-C0472B70C999}.Debug|x86.ActiveCfg = Debug|x86
		{C70522A9-A563-499A-8D1B-C0472B70C999}.Debug|x86.Build.0 = Debug|x86
		{C70522A9-A563-499A-8D1B-C0472B70C999}.Release|x86.ActiveCfg = Release|x86
		{C70522A9-A563-499A-8D1B-C0472B70C999}.Release|x86.Build.0 = Release|x86
		{1842B48B-42F9-47AD-9B99-4202D67FD1EC}.Debug|x86.ActiveCfg = Debug|x86
		{1842B48B-42F9-47AD-9B99-4202D67FD1EC}.Debug|x86.Build.0 = Debug|x86
		{1842B48B-42F9-47AD-9B99-4202D67FD1EC}.Release|x86.ActiveCfg = Release|x86
		{1842B48B-42F9-47AD-9B99-4202D67FD1EC}.Release|x86.Build.0 = Release|x86
		{56BB7C7C-FB67-41B9-AD09-6805F2597DB4}.Debug|x86.ActiveCfg = Debug|x86
		{56BB7C7C-FB67-41B9-AD09-6805F2597DB4}.Debug|x86.Build.0 = Debug|x86
		{56BB7C7C-FB67-41B9-AD09-6805F2597DB4}.Release|x86.ActiveCfg = Release|x86
		{56BB7C7C-FB67-41B9-AD09-6805F2597DB4}.Release|x86.Build.0 = Release|x86
	EndGlobalSection
	GlobalSection(SolutionProperties) = preSolution
		HideSolutionNode = FALSE
	EndGlobalSection
EndGlobal
