
Microsoft Visual Studio Solution File, Format Version 11.00
# Visual C# Express 2010
Project("{FAE04EC0-301F-11D3-BF4B-00C04F79EFBC}") = "Day1", "Day1\Day1.csproj", "{25456331-B7BF-42E1-BEC5-0172F6A127BF}"
EndProject
Project("{FAE04EC0-301F-11D3-BF4B-00C04F79EFBC}") = "Day2", "Day2\Day2.csproj", "{0263E275-A1DA-4096-84E0-60B8CAF6C67D}"
EndProject
Project("{FAE04EC0-301F-11D3-BF4B-00C04F79EFBC}") = "Day3", "Day3\Day3.csproj", "{6B5F1F76-33EA-45DB-BDB9-FD87C9E52E5B}"
EndProject
Project("{FAE04EC0-301F-11D3-BF4B-00C04F79EFBC}") = "Day4", "Day4\Day4.csproj", "{66718D72-A83B-4839-8826-952CDDA07AB0}"
EndProject
Project("{FAE04EC0-301F-11D3-BF4B-00C04F79EFBC}") = "Day5", "Day5\Day5.csproj", "{0AB8ADE9-7371-417B-9B10-30A4FC0A9C95}"
EndProject
Project("{FAE04EC0-301F-11D3-BF4B-00C04F79EFBC}") = "Day6", "Day6\Day6.csproj", "{C8AB2F74-E592-40E9-BE9B-0948FEF0548D}"
EndProject
Project("{FAE04EC0-301F-11D3-BF4B-00C04F79EFBC}") = "Day7", "Day7\Day7.csproj", "{2C5F6C67-72A1-482F-AEEC-A1787331A009}"
EndProject
Project("{FAE04EC0-301F-11D3-BF4B-00C04F79EFBC}") = "Day8", "Day8\Day8.csproj", "{53E1B778-16EC-439C-BBAD-2CD34F1DFB7E}"
EndProject
Project("{FAE04EC0-301F-11D3-BF4B-00C04F79EFBC}") = "Day9", "Day9\Day9.csproj", "{8F4702FB-DB6E-4C7A-B5B3-D9D1E6C074E0}"
EndProject
Project("{FAE04EC0-301F-11D3-BF4B-00C04F79EFBC}") = "Day10", "Day10\Day10.csproj", "{97AAF01C-4233-4A14-A492-DCF671D2BF50}"
EndProject
Project("{FAE04EC0-301F-11D3-BF4B-00C04F79EFBC}") = "Day11", "Day11\Day11.csproj", "{223ABE54-5DA3-438B-9224-F52BF65F26E1}"
EndProject
Project("{FAE04EC0-301F-11D3-BF4B-00C04F79EFBC}") = "Day12", "Day12\Day12.csproj", "{C70522A9-A563-499A-8D1B-C0472B70C999}"
EndProject
Project("{FAE04EC0-301F-11D3-BF4B-00C04F79EFBC}") = "Day13", "Day13\Day13.csproj", "{1842B48B-42F9-47AD-9B99-4202D67FD1EC}"
EndProject
Project("{FAE04EC0-301F-11D3-BF4B-00C04F79EFBC}") = "Day14", "Day14\Day14.csproj", "{56BB7C7C-FB67-41B9-AD09-6805F2597DB4}"
EndProject
Project("{FAE04EC0-301F-11D3-BF4B-00C04F79EFBC}") = "Day15", "Day15\Day15.csproj", "{3B661811-4EAA-4B4B-81C4-4FBBE098583F}"
EndProject
Project("{FAE04EC0-301F-11D3-BF4B-00C04F79EFBC}") = "Day16", "Day16\Day16.csproj", "{E9890112-C54F-4810-BF26-CBDCAC41B875}"
EndProject
Project("{FAE04EC0-301F-11D3-BF4B-00C04F79EFBC}") = "Day17", "Day17\Day17.csproj", "{FE54387F-50C8-4C2C-97B7-42F758B5CB0E}"
EndProject
Project("{FAE04EC0-301F-11D3-BF4B-00C04F79EFBC}") = "Day18", "Day18\Day18.csproj", "{9BF72C6F-BC1E-4E05-B986-1DA9AF30D72E}"
EndProject
Project("{FAE04EC0-301F-11D3-BF4B-00C04F79EFBC}") = "Day19", "Day19\Day19.csproj", "{F17EB791-88BD-4E11-B150-6F6AEF1D309C}"
EndProject
Project("{FAE04EC0-301F-11D3-BF4B-00C04F79EFBC}") = "Day20", "Day20\Day20.csproj", "{5CB946AE-E60D-4F6B-9A93-3D1826FEF4F9}"
EndProject
Project("{FAE04EC0-301F-11D3-BF4B-00C04F79EFBC}") = "Day21", "Day21\Day21.csproj", "{5716B80A-707E-4E17-8E4B-6D2D2AB5B29A}"
EndProject
Project("{FAE04EC0-301F-11D3-BF4B-00C04F79EFBC}") = "Day22", "Day22\Day22.csproj", "{B6CA5192-9775-4FCC-8349-E49F639B7FA8}"
EndProject
Project("{FAE04EC0-301F-11D3-BF4B-00C04F79EFBC}") = "Day23", "Day23\Day23.csproj", "{04DA4F17-5BD4-427F-A39A-C23F1A1898BE}"
EndProject
Project("{FAE04EC0-301F-11D3-BF4B-00C04F79EFBC}") = "Day24", "Day24\Day24.csproj", "{6B48D93E-11CF-4807-91F0-395148ABEE55}"
EndProject
Project("{FAE04EC0-301F-11D3-BF4B-00C04F79EFBC}") = "Day25", "Day25\Day25.csproj", "{57E13981-E744-41AA-B642-4096EF1C4D02}"
EndProject
Global
	GlobalSection(SolutionConfigurationPlatforms) = preSolution
		Debug|x86 = Debug|x86
		Release|x86 = Release|x86
	EndGlobalSection
	GlobalSection(ProjectConfigurationPlatforms) = postSolution
		{25456331-B7BF-42E1-BEC5-0172F6A127BF}.Debug|x86.ActiveCfg = Debug|x86
		{25456331-B7BF-42E1-BEC5-0172F6A127BF}.Debug|x86.Build.0 = Debug|x86
		{25456331-B7BF-42E1-BEC5-0172F6A127BF}.Release|x86.ActiveCfg = Release|x86
		{25456331-B7BF-42E1-BEC5-0172F6A127BF}.Release|x86.Build.0 = Release|x86
		{0263E275-A1DA-4096-84E0-60B8CAF6C67D}.Debug|x86.ActiveCfg = Debug|x86
		{0263E275-A1DA-4096-84E0-60B8CAF6C67D}.Debug|x86.Build.0 = Debug|x86
		{0263E275-A1DA-4096-84E0-60B8CAF6C67D}.Release|x86.ActiveCfg = Release|x86
		{0263E275-A1DA-4096-84E0-60B8CAF6C67D}.Release|x86.Build.0 = Release|x86
		{6B5F1F76-33EA-45DB-BDB9-FD87C9E52E5B}.Debug|x86.ActiveCfg = Debug|x86
		{6B5F1F76-33EA-45DB-BDB9-FD87C9E52E5B}.Debug|x86.Build.0 = Debug|x86
		{6B5F1F76-33EA-45DB-BDB9-FD87C9E52E5B}.Release|x86.ActiveCfg = Release|x86
		{6B5F1F76-33EA-45DB-BDB9-FD87C9E52E5B}.Release|x86.Build.0 = Release|x86
		{66718D72-A83B-4839-8826-952CDDA07AB0}.Debug|x86.ActiveCfg = Debug|x86
		{66718D72-A83B-4839-8826-952CDDA07AB0}.Debug|x86.Build.0 = Debug|x86
		{66718D72-A83B-4839-8826-952CDDA07AB0}.Release|x86.ActiveCfg = Release|x86
		{66718D72-A83B-4839-8826-952CDDA07AB0}.Release|x86.Build.0 = Release|x86
		{0AB8ADE9-7371-417B-9B10-30A4FC0A9C95}.Debug|x86.ActiveCfg = Debug|x86
		{0AB8ADE9-7371-417B-9B10-30A4FC0A9C95}.Debug|x86.Build.0 = Debug|x86
		{0AB8ADE9-7371-417B-9B10-30A4FC0A9C95}.Release|x86.ActiveCfg = Release|x86
		{0AB8ADE9-7371-417B-9B10-30A4FC0A9C95}.Release|x86.Build.0 = Release|x86
		{C8AB2F74-E592-40E9-BE9B-0948FEF0548D}.Debug|x86.ActiveCfg = Debug|x86
		{C8AB2F74-E592-40E9-BE9B-0948FEF0548D}.Debug|x86.Build.0 = Debug|x86
		{C8AB2F74-E592-40E9-BE9B-0948FEF0548D}.Release|x86.ActiveCfg = Release|x86
		{C8AB2F74-E592-40E9-BE9B-0948FEF0548D}.Release|x86.Build.0 = Release|x86
		{2C5F6C67-72A1-482F-AEEC-A1787331A009}.Debug|x86.ActiveCfg = Debug|x86
		{2C5F6C67-72A1-482F-AEEC-A1787331A009}.Debug|x86.Build.0 = Debug|x86
		{2C5F6C67-72A1-482F-AEEC-A1787331A009}.Release|x86.ActiveCfg = Release|x86
		{2C5F6C67-72A1-482F-AEEC-A1787331A009}.Release|x86.Build.0 = Release|x86
		{53E1B778-16EC-439C-BBAD-2CD34F1DFB7E}.Debug|x86.ActiveCfg = Debug|x86
		{53E1B778-16EC-439C-BBAD-2CD34F1DFB7E}.Debug|x86.Build.0 = Debug|x86
		{53E1B778-16EC-439C-BBAD-2CD34F1DFB7E}.Release|x86.ActiveCfg = Release|x86
		{53E1B778-16EC-439C-BBAD-2CD34F1DFB7E}.Release|x86.Build.0 = Release|x86
		{8F4702FB-DB6E-4C7A-B5B3-D9D1E6C074E0}.Debug|x86.ActiveCfg = Debug|x86
		{8F4702FB-DB6E-4C7A-B5B3-D9D1E6C074E0}.Debug|x86.Build.0 = Debug|x86
		{8F4702FB-DB6E-4C7A-B5B3-D9D1E6C074E0}.Release|x86.ActiveCfg = Release|x86
		{8F4702FB-DB6E-4C7A-B5B3-D9D1E6C074E0}.Release|x86.Build.0 = Release|x86
		{97AAF01C-4233-4A14-A492-DCF671D2BF50}.Debug|x86.ActiveCfg = Debug|x86
		{97AAF01C-4233-4A14-A492-DCF671D2BF50}.Debug|x86.Build.0 = Debug|x86
		{97AAF01C-4233-4A14-A492-DCF671D2BF50}.Release|x86.ActiveCfg = Release|x86
		{97AAF01C-4233-4A14-A492-DCF671D2BF50}.Release|x86.Build.0 = Release|x86
		{223ABE54-5DA3-438B-9224-F52BF65F26E1}.Debug|x86.ActiveCfg = Debug|x86
		{223ABE54-5DA3-438B-9224-F52BF65F26E1}.Debug|x86.Build.0 = Debug|x86
		{223ABE54-5DA3-438B-9224-F52BF65F26E1}.Release|x86.ActiveCfg = Release|x86
		{223ABE54-5DA3-438B-9224-F52BF65F26E1}.Release|x86.Build.0 = Release|x86
		{C70522A9-A563-499A-8D1B-C0472B70C999}.Debug|x86.ActiveCfg = Debug|x86
		{C70522A9-A563-499A-8D1B-C0472B70C999}.Debug|x86.Build.0 = Debug|x86
		{C70522A9-A563-499A-8D1B-C0472B70C999}.Release|x86.ActiveCfg = Release|x86
		{C70522A9-A563-499A-8D1B-C0472B70C999}.Release|x86.Build.0 = Release|x86
		{1842B48B-42F9-47AD-9B99-4202D67FD1EC}.Debug|x86.ActiveCfg = Debug|x86
		{1842B48B-42F9-47AD-9B99-4202D67FD1EC}.Debug|x86.Build.0 = Debug|x86
		{1842B48B-42F9-47AD-9B99-4202D67FD1EC}.Release|x86.ActiveCfg = Release|x86
		{1842B48B-42F9-47AD-9B99-4202D67FD1EC}.Release|x86.Build.0 = Release|x86
		{56BB7C7C-FB67-41B9-AD09-6805F2597DB4}.Debug|x86.ActiveCfg = Debug|x86
		{56BB7C7C-FB67-41B9-AD09-6805F2597DB4}.Debug|x86.Build.0 = Debug|x86
		{56BB7C7C-FB67-41B9-AD09-6805F2597DB4}.Release|x86.ActiveCfg = Release|x86
		{56BB7C7C-FB67-41B9-AD09-6805F2597DB4}.Release|x86.Build.0 = Release|x86
		{3B661811-4EAA-4B4B-81C4-4FBBE098583F}.Debug|x86.ActiveCfg = Debug|x86
		{3B661811-4EAA-4B4B-81C4-4FBBE098583F}.Debug|x86.Build.0 = Debug|x86
		{3B661811-4EAA-4B4B-81C4-4FBBE098583F}.Release|x86.ActiveCfg = Release|x86
		{3B661811-4EAA-4B4B-81C4-4FBBE098583F}.Release|x86.Build.0 = Release|x86
		{E9890112-C54F-4810-BF26-CBDCAC41B875}.Debug|x86.ActiveCfg = Debug|x86
		{E9890112-C54F-4810-BF26-CBDCAC41B875}.Debug|x86.Build.0 = Debug|x86
		{E9890112-C54F-4810-BF26-CBDCAC41B875}.Release|x86.ActiveCfg = Release|x86
		{E9890112-C54F-4810-BF26-CBDCAC41B875}.Release|x86.Build.0 = Release|x86
		{FE54387F-50C8-4C2C-97B7-42F758B5CB0E}.Debug|x86.ActiveCfg = Debug|x86
		{FE54387F-50C8-4C2C-97B7-42F758B5CB0E}.Debug|x86.Build.0 = Debug|x86
		{FE54387F-50C8-4C2C-97B7-42F758B5CB0E}.Release|x86.ActiveCfg = Release|x86
		{FE54387F-50C8-4C2C-97B7-42F758B5CB0E}.Release|x86.Build.0 = Release|x86
		{9BF72C6F-BC1E-4E05-B986-1DA9AF30D72E}.Debug|x86.ActiveCfg = Debug|x86
		{9BF72C6F-BC1E-4E05-B986-1DA9AF30D72E}.Debug|x86.Build.0 = Debug|x86
		{9BF72C6F-BC1E-4E05-B986-1DA9AF30D72E}.Release|x86.ActiveCfg = Release|x86
		{9BF72C6F-BC1E-4E05-B986-1DA9AF30D72E}.Release|x86.Build.0 = Release|x86
		{F17EB791-88BD-4E11-B150-6F6AEF1D309C}.Debug|x86.ActiveCfg = Debug|x86
		{F17EB791-88BD-4E11-B150-6F6AEF1D309C}.Debug|x86.Build.0 = Debug|x86
		{F17EB791-88BD-4E11-B150-6F6AEF1D309C}.Release|x86.ActiveCfg = Release|x86
		{F17EB791-88BD-4E11-B150-6F6AEF1D309C}.Release|x86.Build.0 = Release|x86
		{5CB946AE-E60D-4F6B-9A93-3D1826FEF4F9}.Debug|x86.ActiveCfg = Debug|x86
		{5CB946AE-E60D-4F6B-9A93-3D1826FEF4F9}.Debug|x86.Build.0 = Debug|x86
		{5CB946AE-E60D-4F6B-9A93-3D1826FEF4F9}.Release|x86.ActiveCfg = Release|x86
		{5CB946AE-E60D-4F6B-9A93-3D1826FEF4F9}.Release|x86.Build.0 = Release|x86
		{5716B80A-707E-4E17-8E4B-6D2D2AB5B29A}.Debug|x86.ActiveCfg = Debug|x86
		{5716B80A-707E-4E17-8E4B-6D2D2AB5B29A}.Debug|x86.Build.0 = Debug|x86
		{5716B80A-707E-4E17-8E4B-6D2D2AB5B29A}.Release|x86.ActiveCfg = Release|x86
		{5716B80A-707E-4E17-8E4B-6D2D2AB5B29A}.Release|x86.Build.0 = Release|x86
		{B6CA5192-9775-4FCC-8349-E49F639B7FA8}.Debug|x86.ActiveCfg = Debug|x86
		{B6CA5192-9775-4FCC-8349-E49F639B7FA8}.Debug|x86.Build.0 = Debug|x86
		{B6CA5192-9775-4FCC-8349-E49F639B7FA8}.Release|x86.ActiveCfg = Release|x86
		{B6CA5192-9775-4FCC-8349-E49F639B7FA8}.Release|x86.Build.0 = Release|x86
		{04DA4F17-5BD4-427F-A39A-C23F1A1898BE}.Debug|x86.ActiveCfg = Debug|x86
		{04DA4F17-5BD4-427F-A39A-C23F1A1898BE}.Debug|x86.Build.0 = Debug|x86
		{04DA4F17-5BD4-427F-A39A-C23F1A1898BE}.Release|x86.ActiveCfg = Release|x86
		{04DA4F17-5BD4-427F-A39A-C23F1A1898BE}.Release|x86.Build.0 = Release|x86
		{6B48D93E-11CF-4807-91F0-395148ABEE55}.Debug|x86.ActiveCfg = Debug|x86
		{6B48D93E-11CF-4807-91F0-395148ABEE55}.Debug|x86.Build.0 = Debug|x86
		{6B48D93E-11CF-4807-91F0-395148ABEE55}.Release|x86.ActiveCfg = Release|x86
		{6B48D93E-11CF-4807-91F0-395148ABEE55}.Release|x86.Build.0 = Release|x86
		{57E13981-E744-41AA-B642-4096EF1C4D02}.Debug|x86.ActiveCfg = Debug|x86
		{57E13981-E744-41AA-B642-4096EF1C4D02}.Debug|x86.Build.0 = Debug|x86
		{57E13981-E744-41AA-B642-4096EF1C4D02}.Release|x86.ActiveCfg = Release|x86
		{57E13981-E744-41AA-B642-4096EF1C4D02}.Release|x86.Build.0 = Release|x86
	EndGlobalSection
	GlobalSection(SolutionProperties) = preSolution
		HideSolutionNode = FALSE
	EndGlobalSection
EndGlobal
